<?xml version="1.0"?>
<CONFIG>
  <ProjectOptions>
    <Version Value="9"/>
    <PathDelim Value="\"/>
    <General>
      <SessionStorage Value="InProjectDir"/>
      <MainUnit Value="0"/>
      <Title Value="rod"/>
      <ResourceType Value="res"/>
      <UseXPManifest Value="True"/>
      <Icon Value="0"/>
    </General>
    <i18n>
      <EnableI18N Value="True"/>
      <OutDir Value="languages"/>
    </i18n>
    <VersionInfo>
      <UseVersionInfo Value="True"/>
      <AutoIncrementBuild Value="True"/>
      <MajorVersionNr Value="1"/>
      <RevisionNr Value="1"/>
      <BuildNr Value="1"/>
      <Language Value="0415"/>
      <StringTable Comments="Projekt do zarządzania ROD w Trzy Korony w Pabianicach" CompanyName="PJE" FileDescription="Projekt dla ROD Trzy Korony w Pabianicach" InternalName="ROD" LegalCopyright="PJE" LegalTrademarks="PJE" OriginalFilename="PJE ROD" ProductName="ROD Kompleksowy System Zarządzania" ProductVersion="1.0"/>
    </VersionInfo>
    <BuildModes Count="1">
      <Item1 Name="Default" Default="True"/>
    </BuildModes>
    <PublishOptions>
      <Version Value="2"/>
      <IncludeFileFilter Value="*.(pas|pp|inc|lfm|lpr|lrs|lpi|lpk|sh|xml)"/>
      <ExcludeFileFilter Value="*.(bak|ppu|o|so);*~;backup"/>
    </PublishOptions>
    <RunParams>
      <local>
        <FormatVersion Value="1"/>
      </local>
    </RunParams>
    <RequiredPackages Count="11">
      <Item1>
        <PackageName Value="SDFLaz"/>
      </Item1>
      <Item2>
        <PackageName Value="MemDSLaz"/>
      </Item2>
      <Item3>
        <PackageName Value="SynEdit"/>
      </Item3>
      <Item4>
        <PackageName Value="RunTimeTypeInfoControls"/>
      </Item4>
      <Item5>
        <PackageName Value="SQLDBLaz"/>
      </Item5>
      <Item6>
        <PackageName Value="TAChartLazarusPkg"/>
      </Item6>
      <Item7>
        <PackageName Value="TurboPowerIPro"/>
      </Item7>
      <Item8>
        <PackageName Value="LazControls"/>
      </Item8>
      <Item9>
        <PackageName Value="DBFLaz"/>
      </Item9>
      <Item10>
        <PackageName Value="FCL"/>
      </Item10>
      <Item11>
        <PackageName Value="LCL"/>
      </Item11>
    </RequiredPackages>
    <Units Count="6">
      <Unit0>
        <Filename Value="rod.lpr"/>
        <IsPartOfProject Value="True"/>
        <UnitName Value="rod"/>
      </Unit0>
      <Unit1>
        <Filename Value="uglowny.pas"/>
        <IsPartOfProject Value="True"/>
        <ComponentName Value="FGlowny"/>
        <HasResources Value="True"/>
        <ResourceBaseClass Value="Form"/>
        <UnitName Value="UGlowny"/>
      </Unit1>
      <Unit2>
        <Filename Value="uenergia.pas"/>
        <IsPartOfProject Value="True"/>
        <ComponentName Value="Form1"/>
        <HasResources Value="True"/>
        <ResourceBaseClass Value="Form"/>
        <UnitName Value="UEnergia"/>
      </Unit2>
      <Unit3>
        <Filename Value="udm.pas"/>
        <IsPartOfProject Value="True"/>
        <ComponentName Value="DataModuleROD"/>
        <HasResources Value="True"/>
        <ResourceBaseClass Value="DataModule"/>
        <UnitName Value="UDM"/>
      </Unit3>
      <Unit4>
        <Filename Value="pjglobal.pas"/>
        <IsPartOfProject Value="True"/>
        <UnitName Value="PJGlobal"/>
      </Unit4>
      <Unit5>
        <Filename Value="ustringspl.pas"/>
        <IsPartOfProject Value="True"/>
        <UnitName Value="uStringsPL"/>
      </Unit5>
    </Units>
  </ProjectOptions>
  <CompilerOptions>
    <Version Value="11"/>
    <PathDelim Value="\"/>
    <Target>
      <Filename Value="rod"/>
    </Target>
    <SearchPaths>
      <IncludeFiles Value="$(ProjOutDir)"/>
      <UnitOutputDirectory Value="lib\$(TargetCPU)-$(TargetOS)"/>
    </SearchPaths>
    <Linking>
      <Options>
        <Win32>
          <GraphicApplication Value="True"/>
        </Win32>
      </Options>
    </Linking>
    <Other>
      <CompilerMessages>
        <MsgFileName Value=""/>
      </CompilerMessages>
      <CompilerPath Value="$(CompPath)"/>
    </Other>
  </CompilerOptions>
  <Debugging>
    <Exceptions Count="3">
      <Item1>
        <Name Value="EAbort"/>
      </Item1>
      <Item2>
        <Name Value="ECodetoolError"/>
      </Item2>
      <Item3>
        <Name Value="EFOpenError"/>
      </Item3>
    </Exceptions>
  </Debugging>
</CONFIG>
